// !$*UTF8*$!
{
	archiveVersion = 1;
	classes = {
	};
	objectVersion = 50;
	objects = {

/* Begin PBXBuildFile section */
		3406755C2417A09C00307F04 /* AppDelegate.swift in Sources */ = {isa = PBXBuildFile; fileRef = 3406755B2417A09C00307F04 /* AppDelegate.swift */; };
		3406755E2417A09C00307F04 /* SceneDelegate.swift in Sources */ = {isa = PBXBuildFile; fileRef = 3406755D2417A09C00307F04 /* SceneDelegate.swift */; };
		340675602417A09C00307F04 /* ContentView.swift in Sources */ = {isa = PBXBuildFile; fileRef = 3406755F2417A09C00307F04 /* ContentView.swift */; };
		340675622417A0A000307F04 /* Assets.xcassets in Resources */ = {isa = PBXBuildFile; fileRef = 340675612417A0A000307F04 /* Assets.xcassets */; };
		340675652417A0A000307F04 /* Preview Assets.xcassets in Resources */ = {isa = PBXBuildFile; fileRef = 340675642417A0A000307F04 /* Preview Assets.xcassets */; };
		340675682417A0A000307F04 /* LaunchScreen.storyboard in Resources */ = {isa = PBXBuildFile; fileRef = 340675662417A0A000307F04 /* LaunchScreen.storyboard */; };
		3406758E2418E59100307F04 /* CupData.swift in Sources */ = {isa = PBXBuildFile; fileRef = 3406758D2418E59100307F04 /* CupData.swift */; };
		340675902418E5A400307F04 /* MethodData.swift in Sources */ = {isa = PBXBuildFile; fileRef = 3406758F2418E5A300307F04 /* MethodData.swift */; };
		340675982419685B00307F04 /* Utilities.swift in Sources */ = {isa = PBXBuildFile; fileRef = 340675972419685B00307F04 /* Utilities.swift */; };
		3406759A241971C600307F04 /* Settings.swift in Sources */ = {isa = PBXBuildFile; fileRef = 34067599241971C600307F04 /* Settings.swift */; };
		3415A808248917B100699184 /* ColorData.swift in Sources */ = {isa = PBXBuildFile; fileRef = 3415A807248917B100699184 /* ColorData.swift */; };
		34371217244DBD9D00030AAD /* CircleImage.swift in Sources */ = {isa = PBXBuildFile; fileRef = 34371216244DBD9D00030AAD /* CircleImage.swift */; };
		3450A79E24698D9300F3E799 /* MethodSelectionView.swift in Sources */ = {isa = PBXBuildFile; fileRef = 3450A79D24698D9300F3E799 /* MethodSelectionView.swift */; };
		3450A7A0246993C200F3E799 /* ItemRow.swift in Sources */ = {isa = PBXBuildFile; fileRef = 3450A79F246993C200F3E799 /* ItemRow.swift */; };
		346360B6243B5D770054FEB1 /* Method.swift in Sources */ = {isa = PBXBuildFile; fileRef = 346360B5243B5D770054FEB1 /* Method.swift */; };
		34B2193F2449A9F50027E614 /* Bean_JuiceTests.swift in Sources */ = {isa = PBXBuildFile; fileRef = 34B2193E2449A9F50027E614 /* Bean_JuiceTests.swift */; };
		34B2194D2449AA030027E614 /* Bean_JuiceUITests.swift in Sources */ = {isa = PBXBuildFile; fileRef = 34B2194C2449AA030027E614 /* Bean_JuiceUITests.swift */; };
		547A164124A0A3870094FC55 /* CustomView.swift in Sources */ = {isa = PBXBuildFile; fileRef = 547A164024A0A3870094FC55 /* CustomView.swift */; };
		547A164324A0AE390094FC55 /* FrenchPressView.swift in Sources */ = {isa = PBXBuildFile; fileRef = 547A164224A0AE390094FC55 /* FrenchPressView.swift */; };
		54EA8E9D24C834F500600CE8 /* CustomToggle.swift in Sources */ = {isa = PBXBuildFile; fileRef = 54EA8E9C24C834F500600CE8 /* CustomToggle.swift */; };
/* End PBXBuildFile section */

/* Begin PBXContainerItemProxy section */
		34B219412449A9F50027E614 /* PBXContainerItemProxy */ = {
			isa = PBXContainerItemProxy;
			containerPortal = 340675502417A09C00307F04 /* Project object */;
			proxyType = 1;
			remoteGlobalIDString = 340675572417A09C00307F04;
			remoteInfo = "Bean Juice";
		};
		34B2194F2449AA030027E614 /* PBXContainerItemProxy */ = {
			isa = PBXContainerItemProxy;
			containerPortal = 340675502417A09C00307F04 /* Project object */;
			proxyType = 1;
			remoteGlobalIDString = 340675572417A09C00307F04;
			remoteInfo = "Bean Juice";
		};
/* End PBXContainerItemProxy section */

/* Begin PBXFileReference section */
		340675582417A09C00307F04 /* Bean Juice.app */ = {isa = PBXFileReference; explicitFileType = wrapper.application; includeInIndex = 0; path = "Bean Juice.app"; sourceTree = BUILT_PRODUCTS_DIR; };
		3406755B2417A09C00307F04 /* AppDelegate.swift */ = {isa = PBXFileReference; lastKnownFileType = sourcecode.swift; path = AppDelegate.swift; sourceTree = "<group>"; };
		3406755D2417A09C00307F04 /* SceneDelegate.swift */ = {isa = PBXFileReference; lastKnownFileType = sourcecode.swift; path = SceneDelegate.swift; sourceTree = "<group>"; };
		3406755F2417A09C00307F04 /* ContentView.swift */ = {isa = PBXFileReference; lastKnownFileType = sourcecode.swift; path = ContentView.swift; sourceTree = "<group>"; };
		340675612417A0A000307F04 /* Assets.xcassets */ = {isa = PBXFileReference; lastKnownFileType = folder.assetcatalog; path = Assets.xcassets; sourceTree = "<group>"; };
		340675642417A0A000307F04 /* Preview Assets.xcassets */ = {isa = PBXFileReference; lastKnownFileType = folder.assetcatalog; path = "Preview Assets.xcassets"; sourceTree = "<group>"; };
		340675672417A0A000307F04 /* Base */ = {isa = PBXFileReference; lastKnownFileType = file.storyboard; name = Base; path = Base.lproj/LaunchScreen.storyboard; sourceTree = "<group>"; };
		340675692417A0A000307F04 /* Info.plist */ = {isa = PBXFileReference; lastKnownFileType = text.plist.xml; path = Info.plist; sourceTree = "<group>"; };
		3406758D2418E59100307F04 /* CupData.swift */ = {isa = PBXFileReference; fileEncoding = 4; lastKnownFileType = sourcecode.swift; path = CupData.swift; sourceTree = "<group>"; };
		3406758F2418E5A300307F04 /* MethodData.swift */ = {isa = PBXFileReference; fileEncoding = 4; lastKnownFileType = sourcecode.swift; path = MethodData.swift; sourceTree = "<group>"; };
		340675972419685B00307F04 /* Utilities.swift */ = {isa = PBXFileReference; lastKnownFileType = sourcecode.swift; path = Utilities.swift; sourceTree = "<group>"; };
		34067599241971C600307F04 /* Settings.swift */ = {isa = PBXFileReference; lastKnownFileType = sourcecode.swift; path = Settings.swift; sourceTree = "<group>"; };
		3415A807248917B100699184 /* ColorData.swift */ = {isa = PBXFileReference; lastKnownFileType = sourcecode.swift; path = ColorData.swift; sourceTree = "<group>"; };
		34371216244DBD9D00030AAD /* CircleImage.swift */ = {isa = PBXFileReference; lastKnownFileType = sourcecode.swift; path = CircleImage.swift; sourceTree = "<group>"; };
		3450A79D24698D9300F3E799 /* MethodSelectionView.swift */ = {isa = PBXFileReference; lastKnownFileType = sourcecode.swift; path = MethodSelectionView.swift; sourceTree = "<group>"; };
		3450A79F246993C200F3E799 /* ItemRow.swift */ = {isa = PBXFileReference; lastKnownFileType = sourcecode.swift; path = ItemRow.swift; sourceTree = "<group>"; };
		346360B5243B5D770054FEB1 /* Method.swift */ = {isa = PBXFileReference; lastKnownFileType = sourcecode.swift; path = Method.swift; sourceTree = "<group>"; };
		34B2193C2449A9F50027E614 /* Bean JuiceTests.xctest */ = {isa = PBXFileReference; explicitFileType = wrapper.cfbundle; includeInIndex = 0; path = "Bean JuiceTests.xctest"; sourceTree = BUILT_PRODUCTS_DIR; };
		34B2193E2449A9F50027E614 /* Bean_JuiceTests.swift */ = {isa = PBXFileReference; lastKnownFileType = sourcecode.swift; path = Bean_JuiceTests.swift; sourceTree = "<group>"; };
		34B219402449A9F50027E614 /* Info.plist */ = {isa = PBXFileReference; lastKnownFileType = text.plist.xml; path = Info.plist; sourceTree = "<group>"; };
		34B2194A2449AA030027E614 /* Bean JuiceUITests.xctest */ = {isa = PBXFileReference; explicitFileType = wrapper.cfbundle; includeInIndex = 0; path = "Bean JuiceUITests.xctest"; sourceTree = BUILT_PRODUCTS_DIR; };
		34B2194C2449AA030027E614 /* Bean_JuiceUITests.swift */ = {isa = PBXFileReference; lastKnownFileType = sourcecode.swift; path = Bean_JuiceUITests.swift; sourceTree = "<group>"; };
		34B2194E2449AA030027E614 /* Info.plist */ = {isa = PBXFileReference; lastKnownFileType = text.plist.xml; path = Info.plist; sourceTree = "<group>"; };
		547A164024A0A3870094FC55 /* CustomView.swift */ = {isa = PBXFileReference; lastKnownFileType = sourcecode.swift; path = CustomView.swift; sourceTree = "<group>"; };
		547A164224A0AE390094FC55 /* FrenchPressView.swift */ = {isa = PBXFileReference; lastKnownFileType = sourcecode.swift; path = FrenchPressView.swift; sourceTree = "<group>"; };
		54EA8E9C24C834F500600CE8 /* CustomToggle.swift */ = {isa = PBXFileReference; lastKnownFileType = sourcecode.swift; path = CustomToggle.swift; sourceTree = "<group>"; };
/* End PBXFileReference section */

/* Begin PBXFrameworksBuildPhase section */
		340675552417A09C00307F04 /* Frameworks */ = {
			isa = PBXFrameworksBuildPhase;
			buildActionMask = 2147483647;
			files = (
			);
			runOnlyForDeploymentPostprocessing = 0;
		};
		34B219392449A9F50027E614 /* Frameworks */ = {
			isa = PBXFrameworksBuildPhase;
			buildActionMask = 2147483647;
			files = (
			);
			runOnlyForDeploymentPostprocessing = 0;
		};
		34B219472449AA030027E614 /* Frameworks */ = {
			isa = PBXFrameworksBuildPhase;
			buildActionMask = 2147483647;
			files = (
			);
			runOnlyForDeploymentPostprocessing = 0;
		};
/* End PBXFrameworksBuildPhase section */

/* Begin PBXGroup section */
		3406754F2417A09C00307F04 = {
			isa = PBXGroup;
			children = (
				3406755A2417A09C00307F04 /* Bean Juice */,
				34B2193D2449A9F50027E614 /* Bean JuiceTests */,
				34B2194B2449AA030027E614 /* Bean JuiceUITests */,
				340675592417A09C00307F04 /* Products */,
			);
			sourceTree = "<group>";
		};
		340675592417A09C00307F04 /* Products */ = {
			isa = PBXGroup;
			children = (
				340675582417A09C00307F04 /* Bean Juice.app */,
				34B2193C2449A9F50027E614 /* Bean JuiceTests.xctest */,
				34B2194A2449AA030027E614 /* Bean JuiceUITests.xctest */,
			);
			name = Products;
			sourceTree = "<group>";
		};
		3406755A2417A09C00307F04 /* Bean Juice */ = {
			isa = PBXGroup;
			children = (
				3406755B2417A09C00307F04 /* AppDelegate.swift */,
				3406755D2417A09C00307F04 /* SceneDelegate.swift */,
				546B1B6024D1B9A000E26E8A /* Data */,
				546B1B6124D1B9D900E26E8A /* Views */,
				34371216244DBD9D00030AAD /* CircleImage.swift */,
				54EA8E9C24C834F500600CE8 /* CustomToggle.swift */,
				340675972419685B00307F04 /* Utilities.swift */,
				340675612417A0A000307F04 /* Assets.xcassets */,
				340675662417A0A000307F04 /* LaunchScreen.storyboard */,
				340675692417A0A000307F04 /* Info.plist */,
				340675632417A0A000307F04 /* Preview Content */,
			);
			path = "Bean Juice";
			sourceTree = "<group>";
		};
		340675632417A0A000307F04 /* Preview Content */ = {
			isa = PBXGroup;
			children = (
				340675642417A0A000307F04 /* Preview Assets.xcassets */,
			);
			path = "Preview Content";
			sourceTree = "<group>";
		};
		34B2193D2449A9F50027E614 /* Bean JuiceTests */ = {
			isa = PBXGroup;
			children = (
				34B2193E2449A9F50027E614 /* Bean_JuiceTests.swift */,
				34B219402449A9F50027E614 /* Info.plist */,
			);
			path = "Bean JuiceTests";
			sourceTree = "<group>";
		};
		34B2194B2449AA030027E614 /* Bean JuiceUITests */ = {
			isa = PBXGroup;
			children = (
				34B2194C2449AA030027E614 /* Bean_JuiceUITests.swift */,
				34B2194E2449AA030027E614 /* Info.plist */,
			);
			path = "Bean JuiceUITests";
			sourceTree = "<group>";
		};
		546B1B6024D1B9A000E26E8A /* Data */ = {
			isa = PBXGroup;
			children = (
				3406758D2418E59100307F04 /* CupData.swift */,
				3406758F2418E5A300307F04 /* MethodData.swift */,
				3415A807248917B100699184 /* ColorData.swift */,
			);
			path = Data;
			sourceTree = "<group>";
		};
		546B1B6124D1B9D900E26E8A /* Views */ = {
			isa = PBXGroup;
			children = (
				3406755F2417A09C00307F04 /* ContentView.swift */,
				346360B5243B5D770054FEB1 /* Method.swift */,
				3450A79D24698D9300F3E799 /* MethodSelectionView.swift */,
				3450A79F246993C200F3E799 /* ItemRow.swift */,
				547A164224A0AE390094FC55 /* FrenchPressView.swift */,
				34067599241971C600307F04 /* Settings.swift */,
				547A164024A0A3870094FC55 /* CustomView.swift */,
			);
			path = Views;
			sourceTree = "<group>";
		};
/* End PBXGroup section */

/* Begin PBXNativeTarget section */
		340675572417A09C00307F04 /* Bean Juice */ = {
			isa = PBXNativeTarget;
			buildConfigurationList = 340675822417A0A000307F04 /* Build configuration list for PBXNativeTarget "Bean Juice" */;
			buildPhases = (
				340675542417A09C00307F04 /* Sources */,
				340675552417A09C00307F04 /* Frameworks */,
				340675562417A09C00307F04 /* Resources */,
			);
			buildRules = (
			);
			dependencies = (
			);
			name = "Bean Juice";
			productName = "Morning Brew";
			productReference = 340675582417A09C00307F04 /* Bean Juice.app */;
			productType = "com.apple.product-type.application";
		};
		34B2193B2449A9F50027E614 /* Bean JuiceTests */ = {
			isa = PBXNativeTarget;
			buildConfigurationList = 34B219432449A9F50027E614 /* Build configuration list for PBXNativeTarget "Bean JuiceTests" */;
			buildPhases = (
				34B219382449A9F50027E614 /* Sources */,
				34B219392449A9F50027E614 /* Frameworks */,
				34B2193A2449A9F50027E614 /* Resources */,
			);
			buildRules = (
			);
			dependencies = (
				34B219422449A9F50027E614 /* PBXTargetDependency */,
			);
			name = "Bean JuiceTests";
			productName = "Bean JuiceTests";
			productReference = 34B2193C2449A9F50027E614 /* Bean JuiceTests.xctest */;
			productType = "com.apple.product-type.bundle.unit-test";
		};
		34B219492449AA030027E614 /* Bean JuiceUITests */ = {
			isa = PBXNativeTarget;
			buildConfigurationList = 34B219512449AA030027E614 /* Build configuration list for PBXNativeTarget "Bean JuiceUITests" */;
			buildPhases = (
				34B219462449AA030027E614 /* Sources */,
				34B219472449AA030027E614 /* Frameworks */,
				34B219482449AA030027E614 /* Resources */,
			);
			buildRules = (
			);
			dependencies = (
				34B219502449AA030027E614 /* PBXTargetDependency */,
			);
			name = "Bean JuiceUITests";
			productName = "Bean JuiceUITests";
			productReference = 34B2194A2449AA030027E614 /* Bean JuiceUITests.xctest */;
			productType = "com.apple.product-type.bundle.ui-testing";
		};
/* End PBXNativeTarget section */

/* Begin PBXProject section */
		340675502417A09C00307F04 /* Project object */ = {
			isa = PBXProject;
			attributes = {
				LastSwiftUpdateCheck = 1140;
				LastUpgradeCheck = 1130;
				ORGANIZATIONNAME = "Nifty Tree Studios";
				TargetAttributes = {
					340675572417A09C00307F04 = {
						CreatedOnToolsVersion = 11.3.1;
					};
					34B2193B2449A9F50027E614 = {
						CreatedOnToolsVersion = 11.4.1;
						TestTargetID = 340675572417A09C00307F04;
					};
					34B219492449AA030027E614 = {
						CreatedOnToolsVersion = 11.4.1;
						TestTargetID = 340675572417A09C00307F04;
					};
				};
			};
			buildConfigurationList = 340675532417A09C00307F04 /* Build configuration list for PBXProject "Bean Juice" */;
			compatibilityVersion = "Xcode 9.3";
			developmentRegion = en;
			hasScannedForEncodings = 0;
			knownRegions = (
				en,
				Base,
			);
			mainGroup = 3406754F2417A09C00307F04;
			productRefGroup = 340675592417A09C00307F04 /* Products */;
			projectDirPath = "";
			projectRoot = "";
			targets = (
				340675572417A09C00307F04 /* Bean Juice */,
				34B2193B2449A9F50027E614 /* Bean JuiceTests */,
				34B219492449AA030027E614 /* Bean JuiceUITests */,
			);
		};
/* End PBXProject section */

/* Begin PBXResourcesBuildPhase section */
		340675562417A09C00307F04 /* Resources */ = {
			isa = PBXResourcesBuildPhase;
			buildActionMask = 2147483647;
			files = (
				340675682417A0A000307F04 /* LaunchScreen.storyboard in Resources */,
				340675652417A0A000307F04 /* Preview Assets.xcassets in Resources */,
				340675622417A0A000307F04 /* Assets.xcassets in Resources */,
			);
			runOnlyForDeploymentPostprocessing = 0;
		};
		34B2193A2449A9F50027E614 /* Resources */ = {
			isa = PBXResourcesBuildPhase;
			buildActionMask = 2147483647;
			files = (
			);
			runOnlyForDeploymentPostprocessing = 0;
		};
		34B219482449AA030027E614 /* Resources */ = {
			isa = PBXResourcesBuildPhase;
			buildActionMask = 2147483647;
			files = (
			);
			runOnlyForDeploymentPostprocessing = 0;
		};
/* End PBXResourcesBuildPhase section */

/* Begin PBXSourcesBuildPhase section */
		340675542417A09C00307F04 /* Sources */ = {
			isa = PBXSourcesBuildPhase;
			buildActionMask = 2147483647;
			files = (
				547A164124A0A3870094FC55 /* CustomView.swift in Sources */,
				3450A7A0246993C200F3E799 /* ItemRow.swift in Sources */,
				340675902418E5A400307F04 /* MethodData.swift in Sources */,
				3415A808248917B100699184 /* ColorData.swift in Sources */,
				3406755C2417A09C00307F04 /* AppDelegate.swift in Sources */,
				3406759A241971C600307F04 /* Settings.swift in Sources */,
				54EA8E9D24C834F500600CE8 /* CustomToggle.swift in Sources */,
				3450A79E24698D9300F3E799 /* MethodSelectionView.swift in Sources */,
				3406755E2417A09C00307F04 /* SceneDelegate.swift in Sources */,
				340675982419685B00307F04 /* Utilities.swift in Sources */,
				34371217244DBD9D00030AAD /* CircleImage.swift in Sources */,
				340675602417A09C00307F04 /* ContentView.swift in Sources */,
				3406758E2418E59100307F04 /* CupData.swift in Sources */,
				547A164324A0AE390094FC55 /* FrenchPressView.swift in Sources */,
				346360B6243B5D770054FEB1 /* Method.swift in Sources */,
			);
			runOnlyForDeploymentPostprocessing = 0;
		};
		34B219382449A9F50027E614 /* Sources */ = {
			isa = PBXSourcesBuildPhase;
			buildActionMask = 2147483647;
			files = (
				34B2193F2449A9F50027E614 /* Bean_JuiceTests.swift in Sources */,
			);
			runOnlyForDeploymentPostprocessing = 0;
		};
		34B219462449AA030027E614 /* Sources */ = {
			isa = PBXSourcesBuildPhase;
			buildActionMask = 2147483647;
			files = (
				34B2194D2449AA030027E614 /* Bean_JuiceUITests.swift in Sources */,
			);
			runOnlyForDeploymentPostprocessing = 0;
		};
/* End PBXSourcesBuildPhase section */

/* Begin PBXTargetDependency section */
		34B219422449A9F50027E614 /* PBXTargetDependency */ = {
			isa = PBXTargetDependency;
			target = 340675572417A09C00307F04 /* Bean Juice */;
			targetProxy = 34B219412449A9F50027E614 /* PBXContainerItemProxy */;
		};
		34B219502449AA030027E614 /* PBXTargetDependency */ = {
			isa = PBXTargetDependency;
			target = 340675572417A09C00307F04 /* Bean Juice */;
			targetProxy = 34B2194F2449AA030027E614 /* PBXContainerItemProxy */;
		};
/* End PBXTargetDependency section */

/* Begin PBXVariantGroup section */
		340675662417A0A000307F04 /* LaunchScreen.storyboard */ = {
			isa = PBXVariantGroup;
			children = (
				340675672417A0A000307F04 /* Base */,
			);
			name = LaunchScreen.storyboard;
			sourceTree = "<group>";
		};
/* End PBXVariantGroup section */

/* Begin XCBuildConfiguration section */
		340675802417A0A000307F04 /* Debug */ = {
			isa = XCBuildConfiguration;
			buildSettings = {
				ALWAYS_SEARCH_USER_PATHS = NO;
				CLANG_ANALYZER_NONNULL = YES;
				CLANG_ANALYZER_NUMBER_OBJECT_CONVERSION = YES_AGGRESSIVE;
				CLANG_CXX_LANGUAGE_STANDARD = "gnu++14";
				CLANG_CXX_LIBRARY = "libc++";
				CLANG_ENABLE_MODULES = YES;
				CLANG_ENABLE_OBJC_ARC = YES;
				CLANG_ENABLE_OBJC_WEAK = YES;
				CLANG_WARN_BLOCK_CAPTURE_AUTORELEASING = YES;
				CLANG_WARN_BOOL_CONVERSION = YES;
				CLANG_WARN_COMMA = YES;
				CLANG_WARN_CONSTANT_CONVERSION = YES;
				CLANG_WARN_DEPRECATED_OBJC_IMPLEMENTATIONS = YES;
				CLANG_WARN_DIRECT_OBJC_ISA_USAGE = YES_ERROR;
				CLANG_WARN_DOCUMENTATION_COMMENTS = YES;
				CLANG_WARN_EMPTY_BODY = YES;
				CLANG_WARN_ENUM_CONVERSION = YES;
				CLANG_WARN_INFINITE_RECURSION = YES;
				CLANG_WARN_INT_CONVERSION = YES;
				CLANG_WARN_NON_LITERAL_NULL_CONVERSION = YES;
				CLANG_WARN_OBJC_IMPLICIT_RETAIN_SELF = YES;
				CLANG_WARN_OBJC_LITERAL_CONVERSION = YES;
				CLANG_WARN_OBJC_ROOT_CLASS = YES_ERROR;
				CLANG_WARN_RANGE_LOOP_ANALYSIS = YES;
				CLANG_WARN_STRICT_PROTOTYPES = YES;
				CLANG_WARN_SUSPICIOUS_MOVE = YES;
				CLANG_WARN_UNGUARDED_AVAILABILITY = YES_AGGRESSIVE;
				CLANG_WARN_UNREACHABLE_CODE = YES;
				CLANG_WARN__DUPLICATE_METHOD_MATCH = YES;
				COPY_PHASE_STRIP = NO;
				DEBUG_INFORMATION_FORMAT = dwarf;
				ENABLE_STRICT_OBJC_MSGSEND = YES;
				ENABLE_TESTABILITY = YES;
				GCC_C_LANGUAGE_STANDARD = gnu11;
				GCC_DYNAMIC_NO_PIC = NO;
				GCC_NO_COMMON_BLOCKS = YES;
				GCC_OPTIMIZATION_LEVEL = 0;
				GCC_PREPROCESSOR_DEFINITIONS = (
					"DEBUG=1",
					"$(inherited)",
				);
				GCC_WARN_64_TO_32_BIT_CONVERSION = YES;
				GCC_WARN_ABOUT_RETURN_TYPE = YES_ERROR;
				GCC_WARN_UNDECLARED_SELECTOR = YES;
				GCC_WARN_UNINITIALIZED_AUTOS = YES_AGGRESSIVE;
				GCC_WARN_UNUSED_FUNCTION = YES;
				GCC_WARN_UNUSED_VARIABLE = YES;
				IPHONEOS_DEPLOYMENT_TARGET = 13.2;
				MTL_ENABLE_DEBUG_INFO = INCLUDE_SOURCE;
				MTL_FAST_MATH = YES;
				ONLY_ACTIVE_ARCH = YES;
				SDKROOT = iphoneos;
				SWIFT_ACTIVE_COMPILATION_CONDITIONS = DEBUG;
				SWIFT_OPTIMIZATION_LEVEL = "-Onone";
			};
			name = Debug;
		};
		340675812417A0A000307F04 /* Release */ = {
			isa = XCBuildConfiguration;
			buildSettings = {
				ALWAYS_SEARCH_USER_PATHS = NO;
				CLANG_ANALYZER_NONNULL = YES;
				CLANG_ANALYZER_NUMBER_OBJECT_CONVERSION = YES_AGGRESSIVE;
				CLANG_CXX_LANGUAGE_STANDARD = "gnu++14";
				CLANG_CXX_LIBRARY = "libc++";
				CLANG_ENABLE_MODULES = YES;
				CLANG_ENABLE_OBJC_ARC = YES;
				CLANG_ENABLE_OBJC_WEAK = YES;
				CLANG_WARN_BLOCK_CAPTURE_AUTORELEASING = YES;
				CLANG_WARN_BOOL_CONVERSION = YES;
				CLANG_WARN_COMMA = YES;
				CLANG_WARN_CONSTANT_CONVERSION = YES;
				CLANG_WARN_DEPRECATED_OBJC_IMPLEMENTATIONS = YES;
				CLANG_WARN_DIRECT_OBJC_ISA_USAGE = YES_ERROR;
				CLANG_WARN_DOCUMENTATION_COMMENTS = YES;
				CLANG_WARN_EMPTY_BODY = YES;
				CLANG_WARN_ENUM_CONVERSION = YES;
				CLANG_WARN_INFINITE_RECURSION = YES;
				CLANG_WARN_INT_CONVERSION = YES;
				CLANG_WARN_NON_LITERAL_NULL_CONVERSION = YES;
				CLANG_WARN_OBJC_IMPLICIT_RETAIN_SELF = YES;
				CLANG_WARN_OBJC_LITERAL_CONVERSION = YES;
				CLANG_WARN_OBJC_ROOT_CLASS = YES_ERROR;
				CLANG_WARN_RANGE_LOOP_ANALYSIS = YES;
				CLANG_WARN_STRICT_PROTOTYPES = YES;
				CLANG_WARN_SUSPICIOUS_MOVE = YES;
				CLANG_WARN_UNGUARDED_AVAILABILITY = YES_AGGRESSIVE;
				CLANG_WARN_UNREACHABLE_CODE = YES;
				CLANG_WARN__DUPLICATE_METHOD_MATCH = YES;
				COPY_PHASE_STRIP = NO;
				DEBUG_INFORMATION_FORMAT = "dwarf-with-dsym";
				ENABLE_NS_ASSERTIONS = NO;
				ENABLE_STRICT_OBJC_MSGSEND = YES;
				GCC_C_LANGUAGE_STANDARD = gnu11;
				GCC_NO_COMMON_BLOCKS = YES;
				GCC_WARN_64_TO_32_BIT_CONVERSION = YES;
				GCC_WARN_ABOUT_RETURN_TYPE = YES_ERROR;
				GCC_WARN_UNDECLARED_SELECTOR = YES;
				GCC_WARN_UNINITIALIZED_AUTOS = YES_AGGRESSIVE;
				GCC_WARN_UNUSED_FUNCTION = YES;
				GCC_WARN_UNUSED_VARIABLE = YES;
				IPHONEOS_DEPLOYMENT_TARGET = 13.2;
				MTL_ENABLE_DEBUG_INFO = NO;
				MTL_FAST_MATH = YES;
				SDKROOT = iphoneos;
				SWIFT_COMPILATION_MODE = wholemodule;
				SWIFT_OPTIMIZATION_LEVEL = "-O";
				VALIDATE_PRODUCT = YES;
			};
			name = Release;
		};
		340675832417A0A000307F04 /* Debug */ = {
			isa = XCBuildConfiguration;
			buildSettings = {
				ASSETCATALOG_COMPILER_APPICON_NAME = AppIcon;
				CODE_SIGN_STYLE = Automatic;
				CURRENT_PROJECT_VERSION = 1;
				DEVELOPMENT_ASSET_PATHS = "\"Bean Juice/Preview Content\"";
				DEVELOPMENT_TEAM = LBHT4Q3RSF;
				ENABLE_PREVIEWS = YES;
				INFOPLIST_FILE = "Bean Juice/Info.plist";
				LD_RUNPATH_SEARCH_PATHS = (
					"$(inherited)",
					"@executable_path/Frameworks",
				);
				MARKETING_VERSION = 1.4;
				PRODUCT_BUNDLE_IDENTIFIER = com.niftytreestudios.beanjuice;
				PRODUCT_NAME = "Bean Juice";
				SWIFT_VERSION = 5.0;
				TARGETED_DEVICE_FAMILY = 1;
			};
			name = Debug;
		};
		340675842417A0A000307F04 /* Release */ = {
			isa = XCBuildConfiguration;
			buildSettings = {
				ASSETCATALOG_COMPILER_APPICON_NAME = AppIcon;
				CODE_SIGN_STYLE = Automatic;
				CURRENT_PROJECT_VERSION = 1;
				DEVELOPMENT_ASSET_PATHS = "\"Bean Juice/Preview Content\"";
				DEVELOPMENT_TEAM = LBHT4Q3RSF;
				ENABLE_PREVIEWS = YES;
				INFOPLIST_FILE = "Bean Juice/Info.plist";
				LD_RUNPATH_SEARCH_PATHS = (
					"$(inherited)",
					"@executable_path/Frameworks",
				);
				MARKETING_VERSION = 1.4;
				PRODUCT_BUNDLE_IDENTIFIER = com.niftytreestudios.beanjuice;
				PRODUCT_NAME = "Bean Juice";
				SWIFT_VERSION = 5.0;
				TARGETED_DEVICE_FAMILY = 1;
			};
			name = Release;
		};
		34B219442449A9F50027E614 /* Debug */ = {
			isa = XCBuildConfiguration;
			buildSettings = {
				BUNDLE_LOADER = "$(TEST_HOST)";
				CODE_SIGN_STYLE = Automatic;
				DEVELOPMENT_TEAM = LBHT4Q3RSF;
				INFOPLIST_FILE = "Bean JuiceTests/Info.plist";
				IPHONEOS_DEPLOYMENT_TARGET = 13.4;
				LD_RUNPATH_SEARCH_PATHS = (
					"$(inherited)",
					"@executable_path/Frameworks",
					"@loader_path/Frameworks",
				);
				PRODUCT_BUNDLE_IDENTIFIER = "com.niftytreestudios.Bean-JuiceTests";
				PRODUCT_NAME = "$(TARGET_NAME)";
				SWIFT_VERSION = 5.0;
				TARGETED_DEVICE_FAMILY = "1,2";
				TEST_HOST = "$(BUILT_PRODUCTS_DIR)/Bean Juice.app/Bean Juice";
			};
			name = Debug;
		};
		34B219452449A9F50027E614 /* Release */ = {
			isa = XCBuildConfiguration;
			buildSettings = {
				BUNDLE_LOADER = "$(TEST_HOST)";
				CODE_SIGN_STYLE = Automatic;
				DEVELOPMENT_TEAM = LBHT4Q3RSF;
				INFOPLIST_FILE = "Bean JuiceTests/Info.plist";
				IPHONEOS_DEPLOYMENT_TARGET = 13.4;
				LD_RUNPATH_SEARCH_PATHS = (
					"$(inherited)",
					"@executable_path/Frameworks",
					"@loader_path/Frameworks",
				);
				PRODUCT_BUNDLE_IDENTIFIER = "com.niftytreestudios.Bean-JuiceTests";
				PRODUCT_NAME = "$(TARGET_NAME)";
				SWIFT_VERSION = 5.0;
				TARGETED_DEVICE_FAMILY = "1,2";
				TEST_HOST = "$(BUILT_PRODUCTS_DIR)/Bean Juice.app/Bean Juice";
			};
			name = Release;
		};
		34B219522449AA030027E614 /* Debug */ = {
			isa = XCBuildConfiguration;
			buildSettings = {
				CODE_SIGN_STYLE = Automatic;
				DEVELOPMENT_TEAM = LBHT4Q3RSF;
				INFOPLIST_FILE = "Bean JuiceUITests/Info.plist";
				IPHONEOS_DEPLOYMENT_TARGET = 13.4;
				LD_RUNPATH_SEARCH_PATHS = (
					"$(inherited)",
					"@executable_path/Frameworks",
					"@loader_path/Frameworks",
				);
				PRODUCT_BUNDLE_IDENTIFIER = "com.niftytreestudios.Bean-JuiceUITests";
				PRODUCT_NAME = "$(TARGET_NAME)";
				SWIFT_VERSION = 5.0;
				TARGETED_DEVICE_FAMILY = "1,2";
				TEST_TARGET_NAME = "Bean Juice";
			};
			name = Debug;
		};
		34B219532449AA030027E614 /* Release */ = {
			isa = XCBuildConfiguration;
			buildSettings = {
				CODE_SIGN_STYLE = Automatic;
				DEVELOPMENT_TEAM = LBHT4Q3RSF;
				INFOPLIST_FILE = "Bean JuiceUITests/Info.plist";
				IPHONEOS_DEPLOYMENT_TARGET = 13.4;
				LD_RUNPATH_SEARCH_PATHS = (
					"$(inherited)",
					"@executable_path/Frameworks",
					"@loader_path/Frameworks",
				);
				PRODUCT_BUNDLE_IDENTIFIER = "com.niftytreestudios.Bean-JuiceUITests";
				PRODUCT_NAME = "$(TARGET_NAME)";
				SWIFT_VERSION = 5.0;
				TARGETED_DEVICE_FAMILY = "1,2";
				TEST_TARGET_NAME = "Bean Juice";
			};
			name = Release;
		};
/* End XCBuildConfiguration section */

/* Begin XCConfigurationList section */
		340675532417A09C00307F04 /* Build configuration list for PBXProject "Bean Juice" */ = {
			isa = XCConfigurationList;
			buildConfigurations = (
				340675802417A0A000307F04 /* Debug */,
				340675812417A0A000307F04 /* Release */,
			);
			defaultConfigurationIsVisible = 0;
			defaultConfigurationName = Release;
		};
		340675822417A0A000307F04 /* Build configuration list for PBXNativeTarget "Bean Juice" */ = {
			isa = XCConfigurationList;
			buildConfigurations = (
				340675832417A0A000307F04 /* Debug */,
				340675842417A0A000307F04 /* Release */,
			);
			defaultConfigurationIsVisible = 0;
			defaultConfigurationName = Release;
		};
		34B219432449A9F50027E614 /* Build configuration list for PBXNativeTarget "Bean JuiceTests" */ = {
			isa = XCConfigurationList;
			buildConfigurations = (
				34B219442449A9F50027E614 /* Debug */,
				34B219452449A9F50027E614 /* Release */,
			);
			defaultConfigurationIsVisible = 0;
			defaultConfigurationName = Release;
		};
		34B219512449AA030027E614 /* Build configuration list for PBXNativeTarget "Bean JuiceUITests" */ = {
			isa = XCConfigurationList;
			buildConfigurations = (
				34B219522449AA030027E614 /* Debug */,
				34B219532449AA030027E614 /* Release */,
			);
			defaultConfigurationIsVisible = 0;
			defaultConfigurationName = Release;
		};
/* End XCConfigurationList section */
	};
	rootObject = 340675502417A09C00307F04 /* Project object */;
}
