{
  "object": {
    "pins": [
      {
        "package": "Nifty Markdown Formatter",
        "repositoryURL": "https://github.com/NiftyTreeStudios/Nifty-Markdown-Formatter",
        "state": {
          "branch": null,
          "revision": "113b19cc0a0018cc6f2ff989b8853635b57e2884",
          "version": "0.2.91"
        }
      }
    ]
  },
  "version": 1
}
